// !$*UTF8*$!
{
	archiveVersion = 1;
	classes = {
	};
	objectVersion = 46;
	objects = {

/* Begin PBXBuildFile section */
		CD71BBA01AD906F200BB84E6 /* AppDelegate.swift in Sources */ = {isa = PBXBuildFile; fileRef = CD71BB9F1AD906F200BB84E6 /* AppDelegate.swift */; };
		CD71BBA21AD906F200BB84E6 /* MasterViewController.swift in Sources */ = {isa = PBXBuildFile; fileRef = CD71BBA11AD906F200BB84E6 /* MasterViewController.swift */; };
		CD71BBA41AD906F200BB84E6 /* DetailViewController.swift in Sources */ = {isa = PBXBuildFile; fileRef = CD71BBA31AD906F200BB84E6 /* DetailViewController.swift */; };
		CD71BBA71AD906F200BB84E6 /* Main.storyboard in Resources */ = {isa = PBXBuildFile; fileRef = CD71BBA51AD906F200BB84E6 /* Main.storyboard */; };
		CD71BBA91AD906F200BB84E6 /* Images.xcassets in Resources */ = {isa = PBXBuildFile; fileRef = CD71BBA81AD906F200BB84E6 /* Images.xcassets */; };
		CD71BBAC1AD906F200BB84E6 /* LaunchScreen.xib in Resources */ = {isa = PBXBuildFile; fileRef = CD71BBAA1AD906F200BB84E6 /* LaunchScreen.xib */; };
		CD71BBB81AD906F200BB84E6 /* bitcamp2015_appTests.swift in Sources */ = {isa = PBXBuildFile; fileRef = CD71BBB71AD906F200BB84E6 /* bitcamp2015_appTests.swift */; };
		CD71BBC21AD9105E00BB84E6 /* News.swift in Sources */ = {isa = PBXBuildFile; fileRef = CD71BBC11AD9105E00BB84E6 /* News.swift */; };
/* End PBXBuildFile section */

/* Begin PBXContainerItemProxy section */
		CD71BBB21AD906F200BB84E6 /* PBXContainerItemProxy */ = {
			isa = PBXContainerItemProxy;
			containerPortal = CD71BB921AD906F200BB84E6 /* Project object */;
			proxyType = 1;
			remoteGlobalIDString = CD71BB991AD906F200BB84E6;
			remoteInfo = "bitcamp2015-app";
		};
/* End PBXContainerItemProxy section */

/* Begin PBXFileReference section */
		CD71BB9A1AD906F200BB84E6 /* bitcamp2015-app.app */ = {isa = PBXFileReference; explicitFileType = wrapper.application; includeInIndex = 0; path = "bitcamp2015-app.app"; sourceTree = BUILT_PRODUCTS_DIR; };
		CD71BB9E1AD906F200BB84E6 /* Info.plist */ = {isa = PBXFileReference; lastKnownFileType = text.plist.xml; path = Info.plist; sourceTree = "<group>"; };
		CD71BB9F1AD906F200BB84E6 /* AppDelegate.swift */ = {isa = PBXFileReference; lastKnownFileType = sourcecode.swift; path = AppDelegate.swift; sourceTree = "<group>"; };
		CD71BBA11AD906F200BB84E6 /* MasterViewController.swift */ = {isa = PBXFileReference; lastKnownFileType = sourcecode.swift; path = MasterViewController.swift; sourceTree = "<group>"; };
		CD71BBA31AD906F200BB84E6 /* DetailViewController.swift */ = {isa = PBXFileReference; lastKnownFileType = sourcecode.swift; path = DetailViewController.swift; sourceTree = "<group>"; };
		CD71BBA61AD906F200BB84E6 /* Base */ = {isa = PBXFileReference; lastKnownFileType = file.storyboard; name = Base; path = Base.lproj/Main.storyboard; sourceTree = "<group>"; };
		CD71BBA81AD906F200BB84E6 /* Images.xcassets */ = {isa = PBXFileReference; lastKnownFileType = folder.assetcatalog; path = Images.xcassets; sourceTree = "<group>"; };
		CD71BBAB1AD906F200BB84E6 /* Base */ = {isa = PBXFileReference; lastKnownFileType = file.xib; name = Base; path = Base.lproj/LaunchScreen.xib; sourceTree = "<group>"; };
		CD71BBB11AD906F200BB84E6 /* bitcamp2015-appTests.xctest */ = {isa = PBXFileReference; explicitFileType = wrapper.cfbundle; includeInIndex = 0; path = "bitcamp2015-appTests.xctest"; sourceTree = BUILT_PRODUCTS_DIR; };
		CD71BBB61AD906F200BB84E6 /* Info.plist */ = {isa = PBXFileReference; lastKnownFileType = text.plist.xml; path = Info.plist; sourceTree = "<group>"; };
		CD71BBB71AD906F200BB84E6 /* bitcamp2015_appTests.swift */ = {isa = PBXFileReference; lastKnownFileType = sourcecode.swift; path = bitcamp2015_appTests.swift; sourceTree = "<group>"; };
		CD71BBC11AD9105E00BB84E6 /* News.swift */ = {isa = PBXFileReference; fileEncoding = 4; lastKnownFileType = sourcecode.swift; path = News.swift; sourceTree = "<group>"; };
/* End PBXFileReference section */

/* Begin PBXFrameworksBuildPhase section */
		CD71BB971AD906F200BB84E6 /* Frameworks */ = {
			isa = PBXFrameworksBuildPhase;
			buildActionMask = 2147483647;
			files = (
			);
			runOnlyForDeploymentPostprocessing = 0;
		};
		CD71BBAE1AD906F200BB84E6 /* Frameworks */ = {
			isa = PBXFrameworksBuildPhase;
			buildActionMask = 2147483647;
			files = (
			);
			runOnlyForDeploymentPostprocessing = 0;
		};
/* End PBXFrameworksBuildPhase section */

/* Begin PBXGroup section */
		CD71BB911AD906F200BB84E6 = {
			isa = PBXGroup;
			children = (
				CD71BB9C1AD906F200BB84E6 /* bitcamp2015-app */,
				CD71BBB41AD906F200BB84E6 /* bitcamp2015-appTests */,
				CD71BB9B1AD906F200BB84E6 /* Products */,
			);
			sourceTree = "<group>";
		};
		CD71BB9B1AD906F200BB84E6 /* Products */ = {
			isa = PBXGroup;
			children = (
				CD71BB9A1AD906F200BB84E6 /* bitcamp2015-app.app */,
				CD71BBB11AD906F200BB84E6 /* bitcamp2015-appTests.xctest */,
			);
			name = Products;
			sourceTree = "<group>";
		};
		CD71BB9C1AD906F200BB84E6 /* bitcamp2015-app */ = {
			isa = PBXGroup;
			children = (
				CD71BB9F1AD906F200BB84E6 /* AppDelegate.swift */,
				CD71BBA11AD906F200BB84E6 /* MasterViewController.swift */,
				CD71BBC11AD9105E00BB84E6 /* News.swift */,
				CD71BBA31AD906F200BB84E6 /* DetailViewController.swift */,
				CD71BBA51AD906F200BB84E6 /* Main.storyboard */,
				CD71BBA81AD906F200BB84E6 /* Images.xcassets */,
				CD71BBAA1AD906F200BB84E6 /* LaunchScreen.xib */,
				CD71BB9D1AD906F200BB84E6 /* Supporting Files */,
			);
			path = "bitcamp2015-app";
			sourceTree = "<group>";
		};
		CD71BB9D1AD906F200BB84E6 /* Supporting Files */ = {
			isa = PBXGroup;
			children = (
				CD71BB9E1AD906F200BB84E6 /* Info.plist */,
			);
			name = "Supporting Files";
			sourceTree = "<group>";
		};
		CD71BBB41AD906F200BB84E6 /* bitcamp2015-appTests */ = {
			isa = PBXGroup;
			children = (
				CD71BBB71AD906F200BB84E6 /* bitcamp2015_appTests.swift */,
				CD71BBB51AD906F200BB84E6 /* Supporting Files */,
			);
			path = "bitcamp2015-appTests";
			sourceTree = "<group>";
		};
		CD71BBB51AD906F200BB84E6 /* Supporting Files */ = {
			isa = PBXGroup;
			children = (
				CD71BBB61AD906F200BB84E6 /* Info.plist */,
			);
			name = "Supporting Files";
			sourceTree = "<group>";
		};
/* End PBXGroup section */

/* Begin PBXNativeTarget section */
		CD71BB991AD906F200BB84E6 /* bitcamp2015-app */ = {
			isa = PBXNativeTarget;
			buildConfigurationList = CD71BBBB1AD906F200BB84E6 /* Build configuration list for PBXNativeTarget "bitcamp2015-app" */;
			buildPhases = (
				CD71BB961AD906F200BB84E6 /* Sources */,
				CD71BB971AD906F200BB84E6 /* Frameworks */,
				CD71BB981AD906F200BB84E6 /* Resources */,
			);
			buildRules = (
			);
			dependencies = (
			);
			name = "bitcamp2015-app";
			productName = "bitcamp2015-app";
			productReference = CD71BB9A1AD906F200BB84E6 /* bitcamp2015-app.app */;
			productType = "com.apple.product-type.application";
		};
		CD71BBB01AD906F200BB84E6 /* bitcamp2015-appTests */ = {
			isa = PBXNativeTarget;
			buildConfigurationList = CD71BBBE1AD906F200BB84E6 /* Build configuration list for PBXNativeTarget "bitcamp2015-appTests" */;
			buildPhases = (
				CD71BBAD1AD906F200BB84E6 /* Sources */,
				CD71BBAE1AD906F200BB84E6 /* Frameworks */,
				CD71BBAF1AD906F200BB84E6 /* Resources */,
			);
			buildRules = (
			);
			dependencies = (
				CD71BBB31AD906F200BB84E6 /* PBXTargetDependency */,
			);
			name = "bitcamp2015-appTests";
			productName = "bitcamp2015-appTests";
			productReference = CD71BBB11AD906F200BB84E6 /* bitcamp2015-appTests.xctest */;
			productType = "com.apple.product-type.bundle.unit-test";
		};
/* End PBXNativeTarget section */

/* Begin PBXProject section */
		CD71BB921AD906F200BB84E6 /* Project object */ = {
			isa = PBXProject;
			attributes = {
				LastUpgradeCheck = 0630;
				ORGANIZATIONNAME = "Suraj Rampure";
				TargetAttributes = {
					CD71BB991AD906F200BB84E6 = {
						CreatedOnToolsVersion = 6.3;
					};
					CD71BBB01AD906F200BB84E6 = {
						CreatedOnToolsVersion = 6.3;
						TestTargetID = CD71BB991AD906F200BB84E6;
					};
				};
			};
			buildConfigurationList = CD71BB951AD906F200BB84E6 /* Build configuration list for PBXProject "bitcamp2015-app" */;
			compatibilityVersion = "Xcode 3.2";
			developmentRegion = English;
			hasScannedForEncodings = 0;
			knownRegions = (
				en,
				Base,
			);
			mainGroup = CD71BB911AD906F200BB84E6;
			productRefGroup = CD71BB9B1AD906F200BB84E6 /* Products */;
			projectDirPath = "";
			projectRoot = "";
			targets = (
				CD71BB991AD906F200BB84E6 /* bitcamp2015-app */,
				CD71BBB01AD906F200BB84E6 /* bitcamp2015-appTests */,
			);
		};
/* End PBXProject section */

/* Begin PBXResourcesBuildPhase section */
		CD71BB981AD906F200BB84E6 /* Resources */ = {
			isa = PBXResourcesBuildPhase;
			buildActionMask = 2147483647;
			files = (
				CD71BBA71AD906F200BB84E6 /* Main.storyboard in Resources */,
				CD71BBAC1AD906F200BB84E6 /* LaunchScreen.xib in Resources */,
				CD71BBA91AD906F200BB84E6 /* Images.xcassets in Resources */,
			);
			runOnlyForDeploymentPostprocessing = 0;
		};
		CD71BBAF1AD906F200BB84E6 /* Resources */ = {
			isa = PBXResourcesBuildPhase;
			buildActionMask = 2147483647;
			files = (
			);
			runOnlyForDeploymentPostprocessing = 0;
		};
/* End PBXResourcesBuildPhase section */

/* Begin PBXSourcesBuildPhase section */
		CD71BB961AD906F200BB84E6 /* Sources */ = {
			isa = PBXSourcesBuildPhase;
			buildActionMask = 2147483647;
			files = (
				CD71BBA41AD906F200BB84E6 /* DetailViewController.swift in Sources */,
				CD71BBA21AD906F200BB84E6 /* MasterViewController.swift in Sources */,
				CD71BBC21AD9105E00BB84E6 /* News.swift in Sources */,
				CD71BBA01AD906F200BB84E6 /* AppDelegate.swift in Sources */,
			);
			runOnlyForDeploymentPostprocessing = 0;
		};
		CD71BBAD1AD906F200BB84E6 /* Sources */ = {
			isa = PBXSourcesBuildPhase;
			buildActionMask = 2147483647;
			files = (
				CD71BBB81AD906F200BB84E6 /* bitcamp2015_appTests.swift in Sources */,
			);
			runOnlyForDeploymentPostprocessing = 0;
		};
/* End PBXSourcesBuildPhase section */

/* Begin PBXTargetDependency section */
		CD71BBB31AD906F200BB84E6 /* PBXTargetDependency */ = {
			isa = PBXTargetDependency;
			target = CD71BB991AD906F200BB84E6 /* bitcamp2015-app */;
			targetProxy = CD71BBB21AD906F200BB84E6 /* PBXContainerItemProxy */;
		};
/* End PBXTargetDependency section */

/* Begin PBXVariantGroup section */
		CD71BBA51AD906F200BB84E6 /* Main.storyboard */ = {
			isa = PBXVariantGroup;
			children = (
				CD71BBA61AD906F200BB84E6 /* Base */,
			);
			name = Main.storyboard;
			sourceTree = "<group>";
		};
		CD71BBAA1AD906F200BB84E6 /* LaunchScreen.xib */ = {
			isa = PBXVariantGroup;
			children = (
				CD71BBAB1AD906F200BB84E6 /* Base */,
			);
			name = LaunchScreen.xib;
			sourceTree = "<group>";
		};
/* End PBXVariantGroup section */

/* Begin XCBuildConfiguration section */
		CD71BBB91AD906F200BB84E6 /* Debug */ = {
			isa = XCBuildConfiguration;
			buildSettings = {
				ALWAYS_SEARCH_USER_PATHS = NO;
				CLANG_CXX_LANGUAGE_STANDARD = "gnu++0x";
				CLANG_CXX_LIBRARY = "libc++";
				CLANG_ENABLE_MODULES = YES;
				CLANG_ENABLE_OBJC_ARC = YES;
				CLANG_WARN_BOOL_CONVERSION = YES;
				CLANG_WARN_CONSTANT_CONVERSION = YES;
				CLANG_WARN_DIRECT_OBJC_ISA_USAGE = YES_ERROR;
				CLANG_WARN_EMPTY_BODY = YES;
				CLANG_WARN_ENUM_CONVERSION = YES;
				CLANG_WARN_INT_CONVERSION = YES;
				CLANG_WARN_OBJC_ROOT_CLASS = YES_ERROR;
				CLANG_WARN_UNREACHABLE_CODE = YES;
				CLANG_WARN__DUPLICATE_METHOD_MATCH = YES;
				"CODE_SIGN_IDENTITY[sdk=iphoneos*]" = "iPhone Developer";
				COPY_PHASE_STRIP = NO;
				DEBUG_INFORMATION_FORMAT = "dwarf-with-dsym";
				ENABLE_STRICT_OBJC_MSGSEND = YES;
				GCC_C_LANGUAGE_STANDARD = gnu99;
				GCC_DYNAMIC_NO_PIC = NO;
				GCC_NO_COMMON_BLOCKS = YES;
				GCC_OPTIMIZATION_LEVEL = 0;
				GCC_PREPROCESSOR_DEFINITIONS = (
					"DEBUG=1",
					"$(inherited)",
				);
				GCC_SYMBOLS_PRIVATE_EXTERN = NO;
				GCC_WARN_64_TO_32_BIT_CONVERSION = YES;
				GCC_WARN_ABOUT_RETURN_TYPE = YES_ERROR;
				GCC_WARN_UNDECLARED_SELECTOR = YES;
				GCC_WARN_UNINITIALIZED_AUTOS = YES_AGGRESSIVE;
				GCC_WARN_UNUSED_FUNCTION = YES;
				GCC_WARN_UNUSED_VARIABLE = YES;
				IPHONEOS_DEPLOYMENT_TARGET = 8.3;
				MTL_ENABLE_DEBUG_INFO = YES;
				ONLY_ACTIVE_ARCH = YES;
				SDKROOT = iphoneos;
				SWIFT_OPTIMIZATION_LEVEL = "-Onone";
			};
			name = Debug;
		};
		CD71BBBA1AD906F200BB84E6 /* Release */ = {
			isa = XCBuildConfiguration;
			buildSettings = {
				ALWAYS_SEARCH_USER_PATHS = NO;
				CLANG_CXX_LANGUAGE_STANDARD = "gnu++0x";
				CLANG_CXX_LIBRARY = "libc++";
				CLANG_ENABLE_MODULES = YES;
				CLANG_ENABLE_OBJC_ARC = YES;
				CLANG_WARN_BOOL_CONVERSION = YES;
				CLANG_WARN_CONSTANT_CONVERSION = YES;
				CLANG_WARN_DIRECT_OBJC_ISA_USAGE = YES_ERROR;
				CLANG_WARN_EMPTY_BODY = YES;
				CLANG_WARN_ENUM_CONVERSION = YES;
				CLANG_WARN_INT_CONVERSION = YES;
				CLANG_WARN_OBJC_ROOT_CLASS = YES_ERROR;
				CLANG_WARN_UNREACHABLE_CODE = YES;
				CLANG_WARN__DUPLICATE_METHOD_MATCH = YES;
				"CODE_SIGN_IDENTITY[sdk=iphoneos*]" = "iPhone Developer";
				COPY_PHASE_STRIP = NO;
				DEBUG_INFORMATION_FORMAT = "dwarf-with-dsym";
				ENABLE_NS_ASSERTIONS = NO;
				ENABLE_STRICT_OBJC_MSGSEND = YES;
				GCC_C_LANGUAGE_STANDARD = gnu99;
				GCC_NO_COMMON_BLOCKS = YES;
				GCC_WARN_64_TO_32_BIT_CONVERSION = YES;
				GCC_WARN_ABOUT_RETURN_TYPE = YES_ERROR;
				GCC_WARN_UNDECLARED_SELECTOR = YES;
				GCC_WARN_UNINITIALIZED_AUTOS = YES_AGGRESSIVE;
				GCC_WARN_UNUSED_FUNCTION = YES;
				GCC_WARN_UNUSED_VARIABLE = YES;
				IPHONEOS_DEPLOYMENT_TARGET = 8.3;
				MTL_ENABLE_DEBUG_INFO = NO;
				SDKROOT = iphoneos;
				VALIDATE_PRODUCT = YES;
			};
			name = Release;
		};
		CD71BBBC1AD906F200BB84E6 /* Debug */ = {
			isa = XCBuildConfiguration;
			buildSettings = {
				ASSETCATALOG_COMPILER_APPICON_NAME = AppIcon;
				INFOPLIST_FILE = "bitcamp2015-app/Info.plist";
				LD_RUNPATH_SEARCH_PATHS = "$(inherited) @executable_path/Frameworks";
				PRODUCT_NAME = "$(TARGET_NAME)";
			};
			name = Debug;
		};
		CD71BBBD1AD906F200BB84E6 /* Release */ = {
			isa = XCBuildConfiguration;
			buildSettings = {
				ASSETCATALOG_COMPILER_APPICON_NAME = AppIcon;
				INFOPLIST_FILE = "bitcamp2015-app/Info.plist";
				LD_RUNPATH_SEARCH_PATHS = "$(inherited) @executable_path/Frameworks";
				PRODUCT_NAME = "$(TARGET_NAME)";
			};
			name = Release;
		};
		CD71BBBF1AD906F200BB84E6 /* Debug */ = {
			isa = XCBuildConfiguration;
			buildSettings = {
				BUNDLE_LOADER = "$(TEST_HOST)";
				FRAMEWORK_SEARCH_PATHS = (
					"$(SDKROOT)/Developer/Library/Frameworks",
					"$(inherited)",
				);
				GCC_PREPROCESSOR_DEFINITIONS = (
					"DEBUG=1",
					"$(inherited)",
				);
				INFOPLIST_FILE = "bitcamp2015-appTests/Info.plist";
				LD_RUNPATH_SEARCH_PATHS = "$(inherited) @executable_path/Frameworks @loader_path/Frameworks";
				PRODUCT_NAME = "$(TARGET_NAME)";
				TEST_HOST = "$(BUILT_PRODUCTS_DIR)/bitcamp2015-app.app/bitcamp2015-app";
			};
			name = Debug;
		};
		CD71BBC01AD906F200BB84E6 /* Release */ = {
			isa = XCBuildConfiguration;
			buildSettings = {
				BUNDLE_LOADER = "$(TEST_HOST)";
				FRAMEWORK_SEARCH_PATHS = (
					"$(SDKROOT)/Developer/Library/Frameworks",
					"$(inherited)",
				);
				INFOPLIST_FILE = "bitcamp2015-appTests/Info.plist";
				LD_RUNPATH_SEARCH_PATHS = "$(inherited) @executable_path/Frameworks @loader_path/Frameworks";
				PRODUCT_NAME = "$(TARGET_NAME)";
				TEST_HOST = "$(BUILT_PRODUCTS_DIR)/bitcamp2015-app.app/bitcamp2015-app";
			};
			name = Release;
		};
/* End XCBuildConfiguration section */

/* Begin XCConfigurationList section */
		CD71BB951AD906F200BB84E6 /* Build configuration list for PBXProject "bitcamp2015-app" */ = {
			isa = XCConfigurationList;
			buildConfigurations = (
				CD71BBB91AD906F200BB84E6 /* Debug */,
				CD71BBBA1AD906F200BB84E6 /* Release */,
			);
			defaultConfigurationIsVisible = 0;
			defaultConfigurationName = Release;
		};
		CD71BBBB1AD906F200BB84E6 /* Build configuration list for PBXNativeTarget "bitcamp2015-app" */ = {
			isa = XCConfigurationList;
			buildConfigurations = (
				CD71BBBC1AD906F200BB84E6 /* Debug */,
				CD71BBBD1AD906F200BB84E6 /* Release */,
			);
			defaultConfigurationIsVisible = 0;
		};
		CD71BBBE1AD906F200BB84E6 /* Build configuration list for PBXNativeTarget "bitcamp2015-appTests" */ = {
			isa = XCConfigurationList;
			buildConfigurations = (
				CD71BBBF1AD906F200BB84E6 /* Debug */,
				CD71BBC01AD906F200BB84E6 /* Release */,
			);
			defaultConfigurationIsVisible = 0;
		};
/* End XCConfigurationList section */
	};
	rootObject = CD71BB921AD906F200BB84E6 /* Project object */;
}
